
Microsoft Visual Studio Solution File, Format Version 12.00
# Visual Studio 2012
Project("{8BC9CEB8-8B4A-11D0-8D11-00A0C91BC942}") = "MiniCheese", "MiniCheese.vcxproj", "{E197841B-F196-4D7A-A4F7-7F344447030C}"
EndProject
Global
	GlobalSection(SolutionConfigurationPlatforms) = preSolution
		Debug|Win32 = Debug|Win32
		Release|Win32 = Release|Win32
	EndGlobalSection
	GlobalSection(ProjectConfigurationPlatforms) = postSolution
		{E197841B-F196-4D7A-A4F7-7F344447030C}.Debug|Win32.ActiveCfg = Debug|Win32
		{E197841B-F196-4D7A-A4F7-7F344447030C}.Debug|Win32.Build.0 = Debug|Win32
		{E197841B-F196-4D7A-A4F7-7F344447030C}.Release|Win32.ActiveCfg = Release|Win32
		{E197841B-F196-4D7A-A4F7-7F344447030C}.Release|Win32.Build.0 = Release|Win32
	EndGlobalSection
	GlobalSection(SolutionProperties) = preSolution
		HideSolutionNode = FALSE
	EndGlobalSection
EndGlobal
